
Microsoft Visual Studio Solution File, Format Version 12.00
# Visual Studio 15
VisualStudioVersion = 15.0.28010.2041
MinimumVisualStudioVersion = 10.0.40219.1
Project("{FAE04EC0-301F-11D3-BF4B-00C04F79EFBC}") = "ServiceBusDotNetTests", "ServiceBusDotNetTests\ServiceBusDotNetTests.csproj", "{6582A711-A992-456D-A47D-3D51139D3615}"
EndProject
Global
	GlobalSection(SolutionConfigurationPlatforms) = preSolution
		Debug|Any CPU = Debug|Any CPU
		Release|Any CPU = Release|Any CPU
	EndGlobalSection
	GlobalSection(ProjectConfigurationPlatforms) = postSolution
		{6582A711-A992-456D-A47D-3D51139D3615}.Debug|Any CPU.ActiveCfg = Debug|Any CPU
		{6582A711-A992-456D-A47D-3D51139D3615}.Debug|Any CPU.Build.0 = Debug|Any CPU
		{6582A711-A992-456D-A47D-3D51139D3615}.Release|Any CPU.ActiveCfg = Release|Any CPU
		{6582A711-A992-456D-A47D-3D51139D3615}.Release|Any CPU.Build.0 = Release|Any CPU
	EndGlobalSection
	GlobalSection(SolutionProperties) = preSolution
		HideSolutionNode = FALSE
	EndGlobalSection
	GlobalSection(ExtensibilityGlobals) = postSolution
		SolutionGuid = {FD5B3B3B-DF5D-48AA-8C5F-402CAE02D25D}
	EndGlobalSection
EndGlobal
